
Microsoft Visual Studio Solution File, Format Version 12.00
# Visual Studio Version 17
VisualStudioVersion = 17.0.32112.339
MinimumVisualStudioVersion = 10.0.40219.1
Project("{FAE04EC0-301F-11D3-BF4B-00C04F79EFBC}") = "ProblemEx7-2", "ProblemEx7-2.csproj", "{6A32D64B-D3BC-4D69-9FDC-5BD05B0F20D8}"
EndProject
Project("{FAE04EC0-301F-11D3-BF4B-00C04F79EFBC}") = "ProblemEx7-4", "..\ProblemEx7-1\ProblemEx7-4\ProblemEx7-4.csproj", "{07555B0F-0184-432B-A8C7-B07269D1423C}"
EndProject
Global
	GlobalSection(SolutionConfigurationPlatforms) = preSolution
		Debug|Any CPU = Debug|Any CPU
		Release|Any CPU = Release|Any CPU
	EndGlobalSection
	GlobalSection(ProjectConfigurationPlatforms) = postSolution
		{6A32D64B-D3BC-4D69-9FDC-5BD05B0F20D8}.Debug|Any CPU.ActiveCfg = Debug|Any CPU
		{6A32D64B-D3BC-4D69-9FDC-5BD05B0F20D8}.Debug|Any CPU.Build.0 = Debug|Any CPU
		{6A32D64B-D3BC-4D69-9FDC-5BD05B0F20D8}.Release|Any CPU.ActiveCfg = Release|Any CPU
		{6A32D64B-D3BC-4D69-9FDC-5BD05B0F20D8}.Release|Any CPU.Build.0 = Release|Any CPU
		{07555B0F-0184-432B-A8C7-B07269D1423C}.Debug|Any CPU.ActiveCfg = Debug|Any CPU
		{07555B0F-0184-432B-A8C7-B07269D1423C}.Debug|Any CPU.Build.0 = Debug|Any CPU
		{07555B0F-0184-432B-A8C7-B07269D1423C}.Release|Any CPU.ActiveCfg = Release|Any CPU
		{07555B0F-0184-432B-A8C7-B07269D1423C}.Release|Any CPU.Build.0 = Release|Any CPU
	EndGlobalSection
	GlobalSection(SolutionProperties) = preSolution
		HideSolutionNode = FALSE
	EndGlobalSection
	GlobalSection(ExtensibilityGlobals) = postSolution
		SolutionGuid = {A4FB7CF2-C1FE-4D1E-9D3D-006B4AD7708C}
	EndGlobalSection
EndGlobal
