
Microsoft Visual Studio Solution File, Format Version 12.00
# Visual Studio Version 17
VisualStudioVersion = 17.0.32112.339
MinimumVisualStudioVersion = 10.0.40219.1
Project("{FAE04EC0-301F-11D3-BF4B-00C04F79EFBC}") = "SampleEx101", "SampleEx101.csproj", "{53F1C488-963B-430C-87D1-2C6C998F5A58}"
EndProject
Project("{FAE04EC0-301F-11D3-BF4B-00C04F79EFBC}") = "SampleEx102", "SampleEx102\SampleEx102.csproj", "{A3F454EB-2C8F-4269-A5FF-CFA105D0E1B1}"
EndProject
Project("{FAE04EC0-301F-11D3-BF4B-00C04F79EFBC}") = "SampleEx103", "SampleEx103\SampleEx103.csproj", "{18572C40-5541-4CC9-94AD-40267C102704}"
EndProject
Global
	GlobalSection(SolutionConfigurationPlatforms) = preSolution
		Debug|Any CPU = Debug|Any CPU
		Release|Any CPU = Release|Any CPU
	EndGlobalSection
	GlobalSection(ProjectConfigurationPlatforms) = postSolution
		{53F1C488-963B-430C-87D1-2C6C998F5A58}.Debug|Any CPU.ActiveCfg = Debug|Any CPU
		{53F1C488-963B-430C-87D1-2C6C998F5A58}.Debug|Any CPU.Build.0 = Debug|Any CPU
		{53F1C488-963B-430C-87D1-2C6C998F5A58}.Release|Any CPU.ActiveCfg = Release|Any CPU
		{53F1C488-963B-430C-87D1-2C6C998F5A58}.Release|Any CPU.Build.0 = Release|Any CPU
		{A3F454EB-2C8F-4269-A5FF-CFA105D0E1B1}.Debug|Any CPU.ActiveCfg = Debug|Any CPU
		{A3F454EB-2C8F-4269-A5FF-CFA105D0E1B1}.Debug|Any CPU.Build.0 = Debug|Any CPU
		{A3F454EB-2C8F-4269-A5FF-CFA105D0E1B1}.Release|Any CPU.ActiveCfg = Release|Any CPU
		{A3F454EB-2C8F-4269-A5FF-CFA105D0E1B1}.Release|Any CPU.Build.0 = Release|Any CPU
		{18572C40-5541-4CC9-94AD-40267C102704}.Debug|Any CPU.ActiveCfg = Debug|Any CPU
		{18572C40-5541-4CC9-94AD-40267C102704}.Debug|Any CPU.Build.0 = Debug|Any CPU
		{18572C40-5541-4CC9-94AD-40267C102704}.Release|Any CPU.ActiveCfg = Release|Any CPU
		{18572C40-5541-4CC9-94AD-40267C102704}.Release|Any CPU.Build.0 = Release|Any CPU
	EndGlobalSection
	GlobalSection(SolutionProperties) = preSolution
		HideSolutionNode = FALSE
	EndGlobalSection
	GlobalSection(ExtensibilityGlobals) = postSolution
		SolutionGuid = {54413E47-A0DC-4920-A1B0-A749CBE8136B}
	EndGlobalSection
EndGlobal
