
Microsoft Visual Studio Solution File, Format Version 12.00
# Visual Studio Version 17
VisualStudioVersion = 17.0.32112.339
MinimumVisualStudioVersion = 10.0.40219.1
Project("{FAE04EC0-301F-11D3-BF4B-00C04F79EFBC}") = "Plagin", "Plagin\Plagin.csproj", "{BB4CC9A9-93F0-4D9E-9F8A-D7C2824CB454}"
EndProject
Global
	GlobalSection(SolutionConfigurationPlatforms) = preSolution
		Debug|Any CPU = Debug|Any CPU
		Release|Any CPU = Release|Any CPU
	EndGlobalSection
	GlobalSection(ProjectConfigurationPlatforms) = postSolution
		{BB4CC9A9-93F0-4D9E-9F8A-D7C2824CB454}.Debug|Any CPU.ActiveCfg = Debug|Any CPU
		{BB4CC9A9-93F0-4D9E-9F8A-D7C2824CB454}.Debug|Any CPU.Build.0 = Debug|Any CPU
		{BB4CC9A9-93F0-4D9E-9F8A-D7C2824CB454}.Release|Any CPU.ActiveCfg = Release|Any CPU
		{BB4CC9A9-93F0-4D9E-9F8A-D7C2824CB454}.Release|Any CPU.Build.0 = Release|Any CPU
	EndGlobalSection
	GlobalSection(SolutionProperties) = preSolution
		HideSolutionNode = FALSE
	EndGlobalSection
	GlobalSection(ExtensibilityGlobals) = postSolution
		SolutionGuid = {F7917BCF-0B46-460F-9630-D90F8A12FACA}
	EndGlobalSection
EndGlobal
